
Microsoft Visual Studio Solution File, Format Version 12.00
# Visual Studio Version 17
VisualStudioVersion = 17.1.32421.90
MinimumVisualStudioVersion = 10.0.40219.1
Project("{FAE04EC0-301F-11D3-BF4B-00C04F79EFBC}") = "PDC03_MOD04.Android", "PDC03_MOD04\PDC03_MOD04.Android\PDC03_MOD04.Android.csproj", "{E179D548-DB0F-4D3D-90C4-D80CBF1FABA9}"
EndProject
Project("{FAE04EC0-301F-11D3-BF4B-00C04F79EFBC}") = "PDC03_MOD04", "PDC03_MOD04\PDC03_MOD04\PDC03_MOD04.csproj", "{A13AD5D4-2E77-45A3-B79D-01A7DD327D2C}"
EndProject
Global
	GlobalSection(SolutionConfigurationPlatforms) = preSolution
		Debug|Any CPU = Debug|Any CPU
		Release|Any CPU = Release|Any CPU
	EndGlobalSection
	GlobalSection(ProjectConfigurationPlatforms) = postSolution
		{E179D548-DB0F-4D3D-90C4-D80CBF1FABA9}.Debug|Any CPU.ActiveCfg = Debug|Any CPU
		{E179D548-DB0F-4D3D-90C4-D80CBF1FABA9}.Debug|Any CPU.Build.0 = Debug|Any CPU
		{E179D548-DB0F-4D3D-90C4-D80CBF1FABA9}.Debug|Any CPU.Deploy.0 = Debug|Any CPU
		{E179D548-DB0F-4D3D-90C4-D80CBF1FABA9}.Release|Any CPU.ActiveCfg = Release|Any CPU
		{E179D548-DB0F-4D3D-90C4-D80CBF1FABA9}.Release|Any CPU.Build.0 = Release|Any CPU
		{E179D548-DB0F-4D3D-90C4-D80CBF1FABA9}.Release|Any CPU.Deploy.0 = Release|Any CPU
		{A13AD5D4-2E77-45A3-B79D-01A7DD327D2C}.Debug|Any CPU.ActiveCfg = Debug|Any CPU
		{A13AD5D4-2E77-45A3-B79D-01A7DD327D2C}.Debug|Any CPU.Build.0 = Debug|Any CPU
		{A13AD5D4-2E77-45A3-B79D-01A7DD327D2C}.Debug|Any CPU.Deploy.0 = Debug|Any CPU
		{A13AD5D4-2E77-45A3-B79D-01A7DD327D2C}.Release|Any CPU.ActiveCfg = Release|Any CPU
		{A13AD5D4-2E77-45A3-B79D-01A7DD327D2C}.Release|Any CPU.Build.0 = Release|Any CPU
		{A13AD5D4-2E77-45A3-B79D-01A7DD327D2C}.Release|Any CPU.Deploy.0 = Release|Any CPU
	EndGlobalSection
	GlobalSection(SolutionProperties) = preSolution
		HideSolutionNode = FALSE
	EndGlobalSection
	GlobalSection(ExtensibilityGlobals) = postSolution
		SolutionGuid = {88BAE263-4254-4336-BB4A-029DB7C80E68}
	EndGlobalSection
EndGlobal
